{
  "name": "gren-format",
  "version": "1.3.0",
  "lockfileVersion": 3,
  "requires": true,
  "packages": {
    "": {
      "name": "gren-format",
      "version": "1.3.0",
      "license": "BSD-3-Clause",
      "bin": {
        "gren-format": "app"
      },
      "engines": {
        "node": ">= 20"
      }
    }
  }
}
